PODS:
  - MDCalendarSelector (0.1.0):
    - PureLayout (~> 3.0)
  - PureLayout (3.0.1)

DEPENDENCIES:
  - MDCalendarSelector (from `../`)
  - PureLayout (~> 3.0)

EXTERNAL SOURCES:
  MDCalendarSelector:
    :path: "../"

SPEC CHECKSUMS:
  MDCalendarSelector: bc66106a805cbd622536cef2e887034c364412de
  PureLayout: f35f5384c9c4e4479df041dbe33ad7577b71ddfb

COCOAPODS: 0.39.0
